<Solution>
  <Project Path="custom-character/Fahrenheit.Mods.custom-character.csproj" />
  <Project Path="ap-client/Fahrenheit.Modules.ArchipelagoFFX.csproj" />
  <Project Path="fh-mods-csr/src/Fahrenheit.Mods.CSR.csproj" />
  <Project Path="playable-seymour-mod/Fahrenheit.Mods.playable-seymour.csproj" />
</Solution>
